# This file is generated by running "yarn install" inside your project.
# Manual changes might be lost - proceed with caution!

__metadata:
  version: 5

"@my/ui@workspace:packages/ui":
  version: 0.0.0-use.local
  resolution: "@my/ui@workspace:packages/ui"
  dependencies:
    "@my/utils": "workspace:^"
  languageName: unknown
  linkType: soft

"@my/utils@workspace:^, @my/utils@workspace:packages/utils":
  version: 0.0.0-use.local
  resolution: "@my/utils@workspace:packages/utils"
  languageName: unknown
  linkType: soft

"my@workspace:.":
  version: 0.0.0-use.local
  resolution: "my@workspace:."
  languageName: unknown
  linkType: soft
